
Microsoft Visual Studio Solution File, Format Version 12.00
# Visual Studio Version 16
VisualStudioVersion = 16.0.31702.278
MinimumVisualStudioVersion = 10.0.40219.1
Project("{FAE04EC0-301F-11D3-BF4B-00C04F79EFBC}") = "SimpleMealPlanApp.Android", "SimpleMealPlanApp\SimpleMealPlanApp.Android\SimpleMealPlanApp.Android.csproj", "{B320EA2F-A526-4A3D-85FA-26515B797E09}"
EndProject
Project("{FAE04EC0-301F-11D3-BF4B-00C04F79EFBC}") = "SimpleMealPlanApp.iOS", "SimpleMealPlanApp\SimpleMealPlanApp.iOS\SimpleMealPlanApp.iOS.csproj", "{D958828F-77C6-4C29-A485-C10C4364C508}"
EndProject
Project("{FAE04EC0-301F-11D3-BF4B-00C04F79EFBC}") = "SimpleMealPlanApp", "SimpleMealPlanApp\SimpleMealPlanApp\SimpleMealPlanApp.csproj", "{E5F5B17A-D5F5-4102-A1A7-015CD61D06CE}"
EndProject
Global
	GlobalSection(SolutionConfigurationPlatforms) = preSolution
		Debug|Any CPU = Debug|Any CPU
		Debug|iPhone = Debug|iPhone
		Debug|iPhoneSimulator = Debug|iPhoneSimulator
		Release|Any CPU = Release|Any CPU
		Release|iPhone = Release|iPhone
		Release|iPhoneSimulator = Release|iPhoneSimulator
	EndGlobalSection
	GlobalSection(ProjectConfigurationPlatforms) = postSolution
		{B320EA2F-A526-4A3D-85FA-26515B797E09}.Debug|Any CPU.ActiveCfg = Debug|Any CPU
		{B320EA2F-A526-4A3D-85FA-26515B797E09}.Debug|Any CPU.Build.0 = Debug|Any CPU
		{B320EA2F-A526-4A3D-85FA-26515B797E09}.Debug|Any CPU.Deploy.0 = Debug|Any CPU
		{B320EA2F-A526-4A3D-85FA-26515B797E09}.Debug|iPhone.ActiveCfg = Debug|Any CPU
		{B320EA2F-A526-4A3D-85FA-26515B797E09}.Debug|iPhone.Build.0 = Debug|Any CPU
		{B320EA2F-A526-4A3D-85FA-26515B797E09}.Debug|iPhone.Deploy.0 = Debug|Any CPU
		{B320EA2F-A526-4A3D-85FA-26515B797E09}.Debug|iPhoneSimulator.ActiveCfg = Debug|Any CPU
		{B320EA2F-A526-4A3D-85FA-26515B797E09}.Debug|iPhoneSimulator.Build.0 = Debug|Any CPU
		{B320EA2F-A526-4A3D-85FA-26515B797E09}.Debug|iPhoneSimulator.Deploy.0 = Debug|Any CPU
		{B320EA2F-A526-4A3D-85FA-26515B797E09}.Release|Any CPU.ActiveCfg = Release|Any CPU
		{B320EA2F-A526-4A3D-85FA-26515B797E09}.Release|Any CPU.Build.0 = Release|Any CPU
		{B320EA2F-A526-4A3D-85FA-26515B797E09}.Release|Any CPU.Deploy.0 = Release|Any CPU
		{B320EA2F-A526-4A3D-85FA-26515B797E09}.Release|iPhone.ActiveCfg = Release|Any CPU
		{B320EA2F-A526-4A3D-85FA-26515B797E09}.Release|iPhone.Build.0 = Release|Any CPU
		{B320EA2F-A526-4A3D-85FA-26515B797E09}.Release|iPhone.Deploy.0 = Release|Any CPU
		{B320EA2F-A526-4A3D-85FA-26515B797E09}.Release|iPhoneSimulator.ActiveCfg = Release|Any CPU
		{B320EA2F-A526-4A3D-85FA-26515B797E09}.Release|iPhoneSimulator.Build.0 = Release|Any CPU
		{B320EA2F-A526-4A3D-85FA-26515B797E09}.Release|iPhoneSimulator.Deploy.0 = Release|Any CPU
		{D958828F-77C6-4C29-A485-C10C4364C508}.Debug|Any CPU.ActiveCfg = Debug|iPhone
		{D958828F-77C6-4C29-A485-C10C4364C508}.Debug|Any CPU.Build.0 = Debug|iPhone
		{D958828F-77C6-4C29-A485-C10C4364C508}.Debug|Any CPU.Deploy.0 = Debug|iPhone
		{D958828F-77C6-4C29-A485-C10C4364C508}.Debug|iPhone.ActiveCfg = Debug|iPhone
		{D958828F-77C6-4C29-A485-C10C4364C508}.Debug|iPhone.Build.0 = Debug|iPhone
		{D958828F-77C6-4C29-A485-C10C4364C508}.Debug|iPhone.Deploy.0 = Debug|iPhone
		{D958828F-77C6-4C29-A485-C10C4364C508}.Debug|iPhoneSimulator.ActiveCfg = Debug|iPhoneSimulator
		{D958828F-77C6-4C29-A485-C10C4364C508}.Debug|iPhoneSimulator.Build.0 = Debug|iPhoneSimulator
		{D958828F-77C6-4C29-A485-C10C4364C508}.Debug|iPhoneSimulator.Deploy.0 = Debug|iPhoneSimulator
		{D958828F-77C6-4C29-A485-C10C4364C508}.Release|Any CPU.ActiveCfg = Release|iPhoneSimulator
		{D958828F-77C6-4C29-A485-C10C4364C508}.Release|Any CPU.Build.0 = Release|iPhoneSimulator
		{D958828F-77C6-4C29-A485-C10C4364C508}.Release|Any CPU.Deploy.0 = Release|iPhoneSimulator
		{D958828F-77C6-4C29-A485-C10C4364C508}.Release|iPhone.ActiveCfg = Release|iPhone
		{D958828F-77C6-4C29-A485-C10C4364C508}.Release|iPhone.Build.0 = Release|iPhone
		{D958828F-77C6-4C29-A485-C10C4364C508}.Release|iPhone.Deploy.0 = Release|iPhone
		{D958828F-77C6-4C29-A485-C10C4364C508}.Release|iPhoneSimulator.ActiveCfg = Release|iPhoneSimulator
		{D958828F-77C6-4C29-A485-C10C4364C508}.Release|iPhoneSimulator.Build.0 = Release|iPhoneSimulator
		{D958828F-77C6-4C29-A485-C10C4364C508}.Release|iPhoneSimulator.Deploy.0 = Release|iPhoneSimulator
		{E5F5B17A-D5F5-4102-A1A7-015CD61D06CE}.Debug|Any CPU.ActiveCfg = Debug|Any CPU
		{E5F5B17A-D5F5-4102-A1A7-015CD61D06CE}.Debug|Any CPU.Build.0 = Debug|Any CPU
		{E5F5B17A-D5F5-4102-A1A7-015CD61D06CE}.Debug|Any CPU.Deploy.0 = Debug|Any CPU
		{E5F5B17A-D5F5-4102-A1A7-015CD61D06CE}.Debug|iPhone.ActiveCfg = Debug|Any CPU
		{E5F5B17A-D5F5-4102-A1A7-015CD61D06CE}.Debug|iPhone.Build.0 = Debug|Any CPU
		{E5F5B17A-D5F5-4102-A1A7-015CD61D06CE}.Debug|iPhone.Deploy.0 = Debug|Any CPU
		{E5F5B17A-D5F5-4102-A1A7-015CD61D06CE}.Debug|iPhoneSimulator.ActiveCfg = Debug|Any CPU
		{E5F5B17A-D5F5-4102-A1A7-015CD61D06CE}.Debug|iPhoneSimulator.Build.0 = Debug|Any CPU
		{E5F5B17A-D5F5-4102-A1A7-015CD61D06CE}.Debug|iPhoneSimulator.Deploy.0 = Debug|Any CPU
		{E5F5B17A-D5F5-4102-A1A7-015CD61D06CE}.Release|Any CPU.ActiveCfg = Release|Any CPU
		{E5F5B17A-D5F5-4102-A1A7-015CD61D06CE}.Release|Any CPU.Build.0 = Release|Any CPU
		{E5F5B17A-D5F5-4102-A1A7-015CD61D06CE}.Release|Any CPU.Deploy.0 = Release|Any CPU
		{E5F5B17A-D5F5-4102-A1A7-015CD61D06CE}.Release|iPhone.ActiveCfg = Release|Any CPU
		{E5F5B17A-D5F5-4102-A1A7-015CD61D06CE}.Release|iPhone.Build.0 = Release|Any CPU
		{E5F5B17A-D5F5-4102-A1A7-015CD61D06CE}.Release|iPhone.Deploy.0 = Release|Any CPU
		{E5F5B17A-D5F5-4102-A1A7-015CD61D06CE}.Release|iPhoneSimulator.ActiveCfg = Release|Any CPU
		{E5F5B17A-D5F5-4102-A1A7-015CD61D06CE}.Release|iPhoneSimulator.Build.0 = Release|Any CPU
		{E5F5B17A-D5F5-4102-A1A7-015CD61D06CE}.Release|iPhoneSimulator.Deploy.0 = Release|Any CPU
	EndGlobalSection
	GlobalSection(SolutionProperties) = preSolution
		HideSolutionNode = FALSE
	EndGlobalSection
	GlobalSection(ExtensibilityGlobals) = postSolution
		SolutionGuid = {722078BA-E425-4F7C-93BC-931DFB77B3DF}
	EndGlobalSection
EndGlobal
